
Microsoft Visual Studio Solution File, Format Version 12.00
# Visual Studio Version 16
VisualStudioVersion = 25.0.1705.1
MinimumVisualStudioVersion = 10.0.40219.1
Project("{FAE04EC0-301F-11D3-BF4B-00C04F79EFBC}") = "Roommates", "Roommates\Roommates.csproj", "{0890542A-FFDC-4FED-BD79-1273C408C135}"
EndProject
Global
	GlobalSection(SolutionConfigurationPlatforms) = preSolution
		Debug|Any CPU = Debug|Any CPU
		Release|Any CPU = Release|Any CPU
	EndGlobalSection
	GlobalSection(ProjectConfigurationPlatforms) = postSolution
		{0890542A-FFDC-4FED-BD79-1273C408C135}.Debug|Any CPU.ActiveCfg = Debug|Any CPU
		{0890542A-FFDC-4FED-BD79-1273C408C135}.Debug|Any CPU.Build.0 = Debug|Any CPU
		{0890542A-FFDC-4FED-BD79-1273C408C135}.Release|Any CPU.ActiveCfg = Release|Any CPU
		{0890542A-FFDC-4FED-BD79-1273C408C135}.Release|Any CPU.Build.0 = Release|Any CPU
	EndGlobalSection
	GlobalSection(SolutionProperties) = preSolution
		HideSolutionNode = FALSE
	EndGlobalSection
	GlobalSection(ExtensibilityGlobals) = postSolution
		SolutionGuid = {962D5C37-318E-4BDE-8004-3EBD341DF07B}
	EndGlobalSection
EndGlobal
